
Microsoft Visual Studio Solution File, Format Version 12.00
# Visual Studio Version 16
VisualStudioVersion = 16.0.29102.190
MinimumVisualStudioVersion = 10.0.40219.1
Project("{9A19103F-16F7-4668-BE54-9A1E7A4F7556}") = "FitTrac", "FitTrac\FitTrac.csproj", "{A9449F56-7B40-4A0C-AF74-266C4FAF1077}"
EndProject
Project("{FAE04EC0-301F-11D3-BF4B-00C04F79EFBC}") = "FitTracUnitTests", "FitTracUnitTests\FitTracUnitTests.csproj", "{950FAF0E-DD61-413E-BC76-5DC9E7A1F2CD}"
EndProject
Global
	GlobalSection(SolutionConfigurationPlatforms) = preSolution
		Debug|Any CPU = Debug|Any CPU
		Release|Any CPU = Release|Any CPU
	EndGlobalSection
	GlobalSection(ProjectConfigurationPlatforms) = postSolution
		{A9449F56-7B40-4A0C-AF74-266C4FAF1077}.Debug|Any CPU.ActiveCfg = Debug|Any CPU
		{A9449F56-7B40-4A0C-AF74-266C4FAF1077}.Debug|Any CPU.Build.0 = Debug|Any CPU
		{A9449F56-7B40-4A0C-AF74-266C4FAF1077}.Release|Any CPU.ActiveCfg = Release|Any CPU
		{A9449F56-7B40-4A0C-AF74-266C4FAF1077}.Release|Any CPU.Build.0 = Release|Any CPU
		{950FAF0E-DD61-413E-BC76-5DC9E7A1F2CD}.Debug|Any CPU.ActiveCfg = Debug|Any CPU
		{950FAF0E-DD61-413E-BC76-5DC9E7A1F2CD}.Debug|Any CPU.Build.0 = Debug|Any CPU
		{950FAF0E-DD61-413E-BC76-5DC9E7A1F2CD}.Release|Any CPU.ActiveCfg = Release|Any CPU
		{950FAF0E-DD61-413E-BC76-5DC9E7A1F2CD}.Release|Any CPU.Build.0 = Release|Any CPU
	EndGlobalSection
	GlobalSection(SolutionProperties) = preSolution
		HideSolutionNode = FALSE
	EndGlobalSection
	GlobalSection(ExtensibilityGlobals) = postSolution
		SolutionGuid = {2849934E-1273-4C4A-BE86-7444BA777DEE}
	EndGlobalSection
EndGlobal
